
Microsoft Visual Studio Solution File, Format Version 12.00
# Visual Studio Version 17
VisualStudioVersion = 17.10.35122.118
MinimumVisualStudioVersion = 10.0.40219.1
Project("{FAE04EC0-301F-11D3-BF4B-00C04F79EFBC}") = "Minesweeper2", "Minesweeper2\Minesweeper2.csproj", "{974121A6-C5D5-4872-AA24-F651F14F51FD}"
EndProject
Global
	GlobalSection(SolutionConfigurationPlatforms) = preSolution
		Debug|Any CPU = Debug|Any CPU
		Release|Any CPU = Release|Any CPU
	EndGlobalSection
	GlobalSection(ProjectConfigurationPlatforms) = postSolution
		{974121A6-C5D5-4872-AA24-F651F14F51FD}.Debug|Any CPU.ActiveCfg = Debug|Any CPU
		{974121A6-C5D5-4872-AA24-F651F14F51FD}.Debug|Any CPU.Build.0 = Debug|Any CPU
		{974121A6-C5D5-4872-AA24-F651F14F51FD}.Release|Any CPU.ActiveCfg = Release|Any CPU
		{974121A6-C5D5-4872-AA24-F651F14F51FD}.Release|Any CPU.Build.0 = Release|Any CPU
	EndGlobalSection
	GlobalSection(SolutionProperties) = preSolution
		HideSolutionNode = FALSE
	EndGlobalSection
	GlobalSection(ExtensibilityGlobals) = postSolution
		SolutionGuid = {14A26330-CA31-4F92-BCB3-AE032CA7F92B}
	EndGlobalSection
EndGlobal
